// !$*UTF8*$!
{
	archiveVersion = 1;
	classes = {
	};
	objectVersion = 50;
	objects = {

/* Begin PBXBuildFile section */
		1CA6C5B125E4F40F00AE033F /* AppDelegate.swift in Sources */ = {isa = PBXBuildFile; fileRef = 1CA6C5B025E4F40F00AE033F /* AppDelegate.swift */; };
		1CA6C5B325E4F40F00AE033F /* MasterViewController.swift in Sources */ = {isa = PBXBuildFile; fileRef = 1CA6C5B225E4F40F00AE033F /* MasterViewController.swift */; };
		1CA6C5B525E4F40F00AE033F /* DetailViewController.swift in Sources */ = {isa = PBXBuildFile; fileRef = 1CA6C5B425E4F40F00AE033F /* DetailViewController.swift */; };
		1CA6C5B825E4F40F00AE033F /* Main.storyboard in Resources */ = {isa = PBXBuildFile; fileRef = 1CA6C5B625E4F40F00AE033F /* Main.storyboard */; };
		1CA6C5BA25E4F40F00AE033F /* ContentView.swift in Sources */ = {isa = PBXBuildFile; fileRef = 1CA6C5B925E4F40F00AE033F /* ContentView.swift */; };
		1CA6C5BC25E4F40F00AE033F /* Assets.xcassets in Resources */ = {isa = PBXBuildFile; fileRef = 1CA6C5BB25E4F40F00AE033F /* Assets.xcassets */; };
		1CA6C5BF25E4F40F00AE033F /* LaunchScreen.storyboard in Resources */ = {isa = PBXBuildFile; fileRef = 1CA6C5BD25E4F40F00AE033F /* LaunchScreen.storyboard */; };
		1CA6C5CA25E4F40F00AE033F /* Wizard_Old_School_Main_DetailTests.swift in Sources */ = {isa = PBXBuildFile; fileRef = 1CA6C5C925E4F40F00AE033F /* Wizard_Old_School_Main_DetailTests.swift */; };
		1CA6C5D525E4F40F00AE033F /* Wizard_Old_School_Main_DetailUITests.swift in Sources */ = {isa = PBXBuildFile; fileRef = 1CA6C5D425E4F40F00AE033F /* Wizard_Old_School_Main_DetailUITests.swift */; };
/* End PBXBuildFile section */

/* Begin PBXContainerItemProxy section */
		1CA6C5C625E4F40F00AE033F /* PBXContainerItemProxy */ = {
			isa = PBXContainerItemProxy;
			containerPortal = 1CA6C5A525E4F40F00AE033F /* Project object */;
			proxyType = 1;
			remoteGlobalIDString = 1CA6C5AC25E4F40F00AE033F;
			remoteInfo = "Wizard Old School Main Detail";
		};
		1CA6C5D125E4F40F00AE033F /* PBXContainerItemProxy */ = {
			isa = PBXContainerItemProxy;
			containerPortal = 1CA6C5A525E4F40F00AE033F /* Project object */;
			proxyType = 1;
			remoteGlobalIDString = 1CA6C5AC25E4F40F00AE033F;
			remoteInfo = "Wizard Old School Main Detail";
		};
/* End PBXContainerItemProxy section */

/* Begin PBXFileReference section */
		1CA6C5AD25E4F40F00AE033F /* Wizard Old School Main Detail.app */ = {isa = PBXFileReference; explicitFileType = wrapper.application; includeInIndex = 0; path = "Wizard Old School Main Detail.app"; sourceTree = BUILT_PRODUCTS_DIR; };
		1CA6C5B025E4F40F00AE033F /* AppDelegate.swift */ = {isa = PBXFileReference; lastKnownFileType = sourcecode.swift; path = AppDelegate.swift; sourceTree = "<group>"; };
		1CA6C5B225E4F40F00AE033F /* MasterViewController.swift */ = {isa = PBXFileReference; lastKnownFileType = sourcecode.swift; path = MasterViewController.swift; sourceTree = "<group>"; };
		1CA6C5B425E4F40F00AE033F /* DetailViewController.swift */ = {isa = PBXFileReference; lastKnownFileType = sourcecode.swift; path = DetailViewController.swift; sourceTree = "<group>"; };
		1CA6C5B725E4F40F00AE033F /* Base */ = {isa = PBXFileReference; lastKnownFileType = file.storyboard; name = Base; path = Base.lproj/Main.storyboard; sourceTree = "<group>"; };
		1CA6C5B925E4F40F00AE033F /* ContentView.swift */ = {isa = PBXFileReference; lastKnownFileType = sourcecode.swift; path = ContentView.swift; sourceTree = "<group>"; };
		1CA6C5BB25E4F40F00AE033F /* Assets.xcassets */ = {isa = PBXFileReference; lastKnownFileType = folder.assetcatalog; path = Assets.xcassets; sourceTree = "<group>"; };
		1CA6C5BE25E4F40F00AE033F /* Base */ = {isa = PBXFileReference; lastKnownFileType = file.storyboard; name = Base; path = Base.lproj/LaunchScreen.storyboard; sourceTree = "<group>"; };
		1CA6C5C025E4F40F00AE033F /* Info.plist */ = {isa = PBXFileReference; lastKnownFileType = text.plist.xml; path = Info.plist; sourceTree = "<group>"; };
		1CA6C5C525E4F40F00AE033F /* Wizard Old School Main DetailTests.xctest */ = {isa = PBXFileReference; explicitFileType = wrapper.cfbundle; includeInIndex = 0; path = "Wizard Old School Main DetailTests.xctest"; sourceTree = BUILT_PRODUCTS_DIR; };
		1CA6C5C925E4F40F00AE033F /* Wizard_Old_School_Main_DetailTests.swift */ = {isa = PBXFileReference; lastKnownFileType = sourcecode.swift; path = Wizard_Old_School_Main_DetailTests.swift; sourceTree = "<group>"; };
		1CA6C5CB25E4F40F00AE033F /* Info.plist */ = {isa = PBXFileReference; lastKnownFileType = text.plist.xml; path = Info.plist; sourceTree = "<group>"; };
		1CA6C5D025E4F40F00AE033F /* Wizard Old School Main DetailUITests.xctest */ = {isa = PBXFileReference; explicitFileType = wrapper.cfbundle; includeInIndex = 0; path = "Wizard Old School Main DetailUITests.xctest"; sourceTree = BUILT_PRODUCTS_DIR; };
		1CA6C5D425E4F40F00AE033F /* Wizard_Old_School_Main_DetailUITests.swift */ = {isa = PBXFileReference; lastKnownFileType = sourcecode.swift; path = Wizard_Old_School_Main_DetailUITests.swift; sourceTree = "<group>"; };
		1CA6C5D625E4F40F00AE033F /* Info.plist */ = {isa = PBXFileReference; lastKnownFileType = text.plist.xml; path = Info.plist; sourceTree = "<group>"; };
/* End PBXFileReference section */

/* Begin PBXFrameworksBuildPhase section */
		1CA6C5AA25E4F40F00AE033F /* Frameworks */ = {
			isa = PBXFrameworksBuildPhase;
			buildActionMask = 2147483647;
			files = (
			);
			runOnlyForDeploymentPostprocessing = 0;
		};
		1CA6C5C225E4F40F00AE033F /* Frameworks */ = {
			isa = PBXFrameworksBuildPhase;
			buildActionMask = 2147483647;
			files = (
			);
			runOnlyForDeploymentPostprocessing = 0;
		};
		1CA6C5CD25E4F40F00AE033F /* Frameworks */ = {
			isa = PBXFrameworksBuildPhase;
			buildActionMask = 2147483647;
			files = (
			);
			runOnlyForDeploymentPostprocessing = 0;
		};
/* End PBXFrameworksBuildPhase section */

/* Begin PBXGroup section */
		1CA6C5A425E4F40F00AE033F = {
			isa = PBXGroup;
			children = (
				1CA6C5AF25E4F40F00AE033F /* Wizard Old School Main Detail */,
				1CA6C5C825E4F40F00AE033F /* Wizard Old School Main DetailTests */,
				1CA6C5D325E4F40F00AE033F /* Wizard Old School Main DetailUITests */,
				1CA6C5AE25E4F40F00AE033F /* Products */,
			);
			sourceTree = "<group>";
		};
		1CA6C5AE25E4F40F00AE033F /* Products */ = {
			isa = PBXGroup;
			children = (
				1CA6C5AD25E4F40F00AE033F /* Wizard Old School Main Detail.app */,
				1CA6C5C525E4F40F00AE033F /* Wizard Old School Main DetailTests.xctest */,
				1CA6C5D025E4F40F00AE033F /* Wizard Old School Main DetailUITests.xctest */,
			);
			name = Products;
			sourceTree = "<group>";
		};
		1CA6C5AF25E4F40F00AE033F /* Wizard Old School Main Detail */ = {
			isa = PBXGroup;
			children = (
				1CA6C5B025E4F40F00AE033F /* AppDelegate.swift */,
				1CA6C5B225E4F40F00AE033F /* MasterViewController.swift */,
				1CA6C5B425E4F40F00AE033F /* DetailViewController.swift */,
				1CA6C5B625E4F40F00AE033F /* Main.storyboard */,
				1CA6C5B925E4F40F00AE033F /* ContentView.swift */,
				1CA6C5BB25E4F40F00AE033F /* Assets.xcassets */,
				1CA6C5BD25E4F40F00AE033F /* LaunchScreen.storyboard */,
				1CA6C5C025E4F40F00AE033F /* Info.plist */,
			);
			path = "Wizard Old School Main Detail";
			sourceTree = "<group>";
		};
		1CA6C5C825E4F40F00AE033F /* Wizard Old School Main DetailTests */ = {
			isa = PBXGroup;
			children = (
				1CA6C5C925E4F40F00AE033F /* Wizard_Old_School_Main_DetailTests.swift */,
				1CA6C5CB25E4F40F00AE033F /* Info.plist */,
			);
			path = "Wizard Old School Main DetailTests";
			sourceTree = "<group>";
		};
		1CA6C5D325E4F40F00AE033F /* Wizard Old School Main DetailUITests */ = {
			isa = PBXGroup;
			children = (
				1CA6C5D425E4F40F00AE033F /* Wizard_Old_School_Main_DetailUITests.swift */,
				1CA6C5D625E4F40F00AE033F /* Info.plist */,
			);
			path = "Wizard Old School Main DetailUITests";
			sourceTree = "<group>";
		};
/* End PBXGroup section */

/* Begin PBXNativeTarget section */
		1CA6C5AC25E4F40F00AE033F /* Wizard Old School Main Detail */ = {
			isa = PBXNativeTarget;
			buildConfigurationList = 1CA6C5D925E4F40F00AE033F /* Build configuration list for PBXNativeTarget "Wizard Old School Main Detail" */;
			buildPhases = (
				1CA6C5A925E4F40F00AE033F /* Sources */,
				1CA6C5AA25E4F40F00AE033F /* Frameworks */,
				1CA6C5AB25E4F40F00AE033F /* Resources */,
			);
			buildRules = (
			);
			dependencies = (
			);
			name = "Wizard Old School Main Detail";
			productName = "Wizard Old School Main Detail";
			productReference = 1CA6C5AD25E4F40F00AE033F /* Wizard Old School Main Detail.app */;
			productType = "com.apple.product-type.application";
		};
		1CA6C5C425E4F40F00AE033F /* Wizard Old School Main DetailTests */ = {
			isa = PBXNativeTarget;
			buildConfigurationList = 1CA6C5DC25E4F40F00AE033F /* Build configuration list for PBXNativeTarget "Wizard Old School Main DetailTests" */;
			buildPhases = (
				1CA6C5C125E4F40F00AE033F /* Sources */,
				1CA6C5C225E4F40F00AE033F /* Frameworks */,
				1CA6C5C325E4F40F00AE033F /* Resources */,
			);
			buildRules = (
			);
			dependencies = (
				1CA6C5C725E4F40F00AE033F /* PBXTargetDependency */,
			);
			name = "Wizard Old School Main DetailTests";
			productName = "Wizard Old School Main DetailTests";
			productReference = 1CA6C5C525E4F40F00AE033F /* Wizard Old School Main DetailTests.xctest */;
			productType = "com.apple.product-type.bundle.unit-test";
		};
		1CA6C5CF25E4F40F00AE033F /* Wizard Old School Main DetailUITests */ = {
			isa = PBXNativeTarget;
			buildConfigurationList = 1CA6C5DF25E4F40F00AE033F /* Build configuration list for PBXNativeTarget "Wizard Old School Main DetailUITests" */;
			buildPhases = (
				1CA6C5CC25E4F40F00AE033F /* Sources */,
				1CA6C5CD25E4F40F00AE033F /* Frameworks */,
				1CA6C5CE25E4F40F00AE033F /* Resources */,
			);
			buildRules = (
			);
			dependencies = (
				1CA6C5D225E4F40F00AE033F /* PBXTargetDependency */,
			);
			name = "Wizard Old School Main DetailUITests";
			productName = "Wizard Old School Main DetailUITests";
			productReference = 1CA6C5D025E4F40F00AE033F /* Wizard Old School Main DetailUITests.xctest */;
			productType = "com.apple.product-type.bundle.ui-testing";
		};
/* End PBXNativeTarget section */

/* Begin PBXProject section */
		1CA6C5A525E4F40F00AE033F /* Project object */ = {
			isa = PBXProject;
			attributes = {
				LastSwiftUpdateCheck = 1240;
				LastUpgradeCheck = 1240;
				TargetAttributes = {
					1CA6C5AC25E4F40F00AE033F = {
						CreatedOnToolsVersion = 12.4;
					};
					1CA6C5C425E4F40F00AE033F = {
						CreatedOnToolsVersion = 12.4;
						TestTargetID = 1CA6C5AC25E4F40F00AE033F;
					};
					1CA6C5CF25E4F40F00AE033F = {
						CreatedOnToolsVersion = 12.4;
						TestTargetID = 1CA6C5AC25E4F40F00AE033F;
					};
				};
			};
			buildConfigurationList = 1CA6C5A825E4F40F00AE033F /* Build configuration list for PBXProject "Wizard Old School Main Detail" */;
			compatibilityVersion = "Xcode 9.3";
			developmentRegion = en;
			hasScannedForEncodings = 0;
			knownRegions = (
				en,
				Base,
			);
			mainGroup = 1CA6C5A425E4F40F00AE033F;
			productRefGroup = 1CA6C5AE25E4F40F00AE033F /* Products */;
			projectDirPath = "";
			projectRoot = "";
			targets = (
				1CA6C5AC25E4F40F00AE033F /* Wizard Old School Main Detail */,
				1CA6C5C425E4F40F00AE033F /* Wizard Old School Main DetailTests */,
				1CA6C5CF25E4F40F00AE033F /* Wizard Old School Main DetailUITests */,
			);
		};
/* End PBXProject section */

/* Begin PBXResourcesBuildPhase section */
		1CA6C5AB25E4F40F00AE033F /* Resources */ = {
			isa = PBXResourcesBuildPhase;
			buildActionMask = 2147483647;
			files = (
				1CA6C5BF25E4F40F00AE033F /* LaunchScreen.storyboard in Resources */,
				1CA6C5BC25E4F40F00AE033F /* Assets.xcassets in Resources */,
				1CA6C5B825E4F40F00AE033F /* Main.storyboard in Resources */,
			);
			runOnlyForDeploymentPostprocessing = 0;
		};
		1CA6C5C325E4F40F00AE033F /* Resources */ = {
			isa = PBXResourcesBuildPhase;
			buildActionMask = 2147483647;
			files = (
			);
			runOnlyForDeploymentPostprocessing = 0;
		};
		1CA6C5CE25E4F40F00AE033F /* Resources */ = {
			isa = PBXResourcesBuildPhase;
			buildActionMask = 2147483647;
			files = (
			);
			runOnlyForDeploymentPostprocessing = 0;
		};
/* End PBXResourcesBuildPhase section */

/* Begin PBXSourcesBuildPhase section */
		1CA6C5A925E4F40F00AE033F /* Sources */ = {
			isa = PBXSourcesBuildPhase;
			buildActionMask = 2147483647;
			files = (
				1CA6C5B525E4F40F00AE033F /* DetailViewController.swift in Sources */,
				1CA6C5B325E4F40F00AE033F /* MasterViewController.swift in Sources */,
				1CA6C5BA25E4F40F00AE033F /* ContentView.swift in Sources */,
				1CA6C5B125E4F40F00AE033F /* AppDelegate.swift in Sources */,
			);
			runOnlyForDeploymentPostprocessing = 0;
		};
		1CA6C5C125E4F40F00AE033F /* Sources */ = {
			isa = PBXSourcesBuildPhase;
			buildActionMask = 2147483647;
			files = (
				1CA6C5CA25E4F40F00AE033F /* Wizard_Old_School_Main_DetailTests.swift in Sources */,
			);
			runOnlyForDeploymentPostprocessing = 0;
		};
		1CA6C5CC25E4F40F00AE033F /* Sources */ = {
			isa = PBXSourcesBuildPhase;
			buildActionMask = 2147483647;
			files = (
				1CA6C5D525E4F40F00AE033F /* Wizard_Old_School_Main_DetailUITests.swift in Sources */,
			);
			runOnlyForDeploymentPostprocessing = 0;
		};
/* End PBXSourcesBuildPhase section */

/* Begin PBXTargetDependency section */
		1CA6C5C725E4F40F00AE033F /* PBXTargetDependency */ = {
			isa = PBXTargetDependency;
			target = 1CA6C5AC25E4F40F00AE033F /* Wizard Old School Main Detail */;
			targetProxy = 1CA6C5C625E4F40F00AE033F /* PBXContainerItemProxy */;
		};
		1CA6C5D225E4F40F00AE033F /* PBXTargetDependency */ = {
			isa = PBXTargetDependency;
			target = 1CA6C5AC25E4F40F00AE033F /* Wizard Old School Main Detail */;
			targetProxy = 1CA6C5D125E4F40F00AE033F /* PBXContainerItemProxy */;
		};
/* End PBXTargetDependency section */

/* Begin PBXVariantGroup section */
		1CA6C5B625E4F40F00AE033F /* Main.storyboard */ = {
			isa = PBXVariantGroup;
			children = (
				1CA6C5B725E4F40F00AE033F /* Base */,
			);
			name = Main.storyboard;
			sourceTree = "<group>";
		};
		1CA6C5BD25E4F40F00AE033F /* LaunchScreen.storyboard */ = {
			isa = PBXVariantGroup;
			children = (
				1CA6C5BE25E4F40F00AE033F /* Base */,
			);
			name = LaunchScreen.storyboard;
			sourceTree = "<group>";
		};
/* End PBXVariantGroup section */

/* Begin XCBuildConfiguration section */
		1CA6C5D725E4F40F00AE033F /* Debug */ = {
			isa = XCBuildConfiguration;
			buildSettings = {
				ALWAYS_SEARCH_USER_PATHS = NO;
				CLANG_ANALYZER_NONNULL = YES;
				CLANG_ANALYZER_NUMBER_OBJECT_CONVERSION = YES_AGGRESSIVE;
				CLANG_CXX_LANGUAGE_STANDARD = "gnu++14";
				CLANG_CXX_LIBRARY = "libc++";
				CLANG_ENABLE_MODULES = YES;
				CLANG_ENABLE_OBJC_ARC = YES;
				CLANG_ENABLE_OBJC_WEAK = YES;
				CLANG_WARN_BLOCK_CAPTURE_AUTORELEASING = YES;
				CLANG_WARN_BOOL_CONVERSION = YES;
				CLANG_WARN_COMMA = YES;
				CLANG_WARN_CONSTANT_CONVERSION = YES;
				CLANG_WARN_DEPRECATED_OBJC_IMPLEMENTATIONS = YES;
				CLANG_WARN_DIRECT_OBJC_ISA_USAGE = YES_ERROR;
				CLANG_WARN_DOCUMENTATION_COMMENTS = YES;
				CLANG_WARN_EMPTY_BODY = YES;
				CLANG_WARN_ENUM_CONVERSION = YES;
				CLANG_WARN_INFINITE_RECURSION = YES;
				CLANG_WARN_INT_CONVERSION = YES;
				CLANG_WARN_NON_LITERAL_NULL_CONVERSION = YES;
				CLANG_WARN_OBJC_IMPLICIT_RETAIN_SELF = YES;
				CLANG_WARN_OBJC_LITERAL_CONVERSION = YES;
				CLANG_WARN_OBJC_ROOT_CLASS = YES_ERROR;
				CLANG_WARN_QUOTED_INCLUDE_IN_FRAMEWORK_HEADER = YES;
				CLANG_WARN_RANGE_LOOP_ANALYSIS = YES;
				CLANG_WARN_STRICT_PROTOTYPES = YES;
				CLANG_WARN_SUSPICIOUS_MOVE = YES;
				CLANG_WARN_UNGUARDED_AVAILABILITY = YES_AGGRESSIVE;
				CLANG_WARN_UNREACHABLE_CODE = YES;
				CLANG_WARN__DUPLICATE_METHOD_MATCH = YES;
				COPY_PHASE_STRIP = NO;
				DEBUG_INFORMATION_FORMAT = dwarf;
				ENABLE_STRICT_OBJC_MSGSEND = YES;
				ENABLE_TESTABILITY = YES;
				GCC_C_LANGUAGE_STANDARD = gnu11;
				GCC_DYNAMIC_NO_PIC = NO;
				GCC_NO_COMMON_BLOCKS = YES;
				GCC_OPTIMIZATION_LEVEL = 0;
				GCC_PREPROCESSOR_DEFINITIONS = (
					"DEBUG=1",
					"$(inherited)",
				);
				GCC_WARN_64_TO_32_BIT_CONVERSION = YES;
				GCC_WARN_ABOUT_RETURN_TYPE = YES_ERROR;
				GCC_WARN_UNDECLARED_SELECTOR = YES;
				GCC_WARN_UNINITIALIZED_AUTOS = YES_AGGRESSIVE;
				GCC_WARN_UNUSED_FUNCTION = YES;
				GCC_WARN_UNUSED_VARIABLE = YES;
				IPHONEOS_DEPLOYMENT_TARGET = 14.4;
				MTL_ENABLE_DEBUG_INFO = INCLUDE_SOURCE;
				MTL_FAST_MATH = YES;
				ONLY_ACTIVE_ARCH = YES;
				SDKROOT = iphoneos;
				SWIFT_ACTIVE_COMPILATION_CONDITIONS = DEBUG;
				SWIFT_OPTIMIZATION_LEVEL = "-Onone";
			};
			name = Debug;
		};
		1CA6C5D825E4F40F00AE033F /* Release */ = {
			isa = XCBuildConfiguration;
			buildSettings = {
				ALWAYS_SEARCH_USER_PATHS = NO;
				CLANG_ANALYZER_NONNULL = YES;
				CLANG_ANALYZER_NUMBER_OBJECT_CONVERSION = YES_AGGRESSIVE;
				CLANG_CXX_LANGUAGE_STANDARD = "gnu++14";
				CLANG_CXX_LIBRARY = "libc++";
				CLANG_ENABLE_MODULES = YES;
				CLANG_ENABLE_OBJC_ARC = YES;
				CLANG_ENABLE_OBJC_WEAK = YES;
				CLANG_WARN_BLOCK_CAPTURE_AUTORELEASING = YES;
				CLANG_WARN_BOOL_CONVERSION = YES;
				CLANG_WARN_COMMA = YES;
				CLANG_WARN_CONSTANT_CONVERSION = YES;
				CLANG_WARN_DEPRECATED_OBJC_IMPLEMENTATIONS = YES;
				CLANG_WARN_DIRECT_OBJC_ISA_USAGE = YES_ERROR;
				CLANG_WARN_DOCUMENTATION_COMMENTS = YES;
				CLANG_WARN_EMPTY_BODY = YES;
				CLANG_WARN_ENUM_CONVERSION = YES;
				CLANG_WARN_INFINITE_RECURSION = YES;
				CLANG_WARN_INT_CONVERSION = YES;
				CLANG_WARN_NON_LITERAL_NULL_CONVERSION = YES;
				CLANG_WARN_OBJC_IMPLICIT_RETAIN_SELF = YES;
				CLANG_WARN_OBJC_LITERAL_CONVERSION = YES;
				CLANG_WARN_OBJC_ROOT_CLASS = YES_ERROR;
				CLANG_WARN_QUOTED_INCLUDE_IN_FRAMEWORK_HEADER = YES;
				CLANG_WARN_RANGE_LOOP_ANALYSIS = YES;
				CLANG_WARN_STRICT_PROTOTYPES = YES;
				CLANG_WARN_SUSPICIOUS_MOVE = YES;
				CLANG_WARN_UNGUARDED_AVAILABILITY = YES_AGGRESSIVE;
				CLANG_WARN_UNREACHABLE_CODE = YES;
				CLANG_WARN__DUPLICATE_METHOD_MATCH = YES;
				COPY_PHASE_STRIP = NO;
				DEBUG_INFORMATION_FORMAT = "dwarf-with-dsym";
				ENABLE_NS_ASSERTIONS = NO;
				ENABLE_STRICT_OBJC_MSGSEND = YES;
				GCC_C_LANGUAGE_STANDARD = gnu11;
				GCC_NO_COMMON_BLOCKS = YES;
				GCC_WARN_64_TO_32_BIT_CONVERSION = YES;
				GCC_WARN_ABOUT_RETURN_TYPE = YES_ERROR;
				GCC_WARN_UNDECLARED_SELECTOR = YES;
				GCC_WARN_UNINITIALIZED_AUTOS = YES_AGGRESSIVE;
				GCC_WARN_UNUSED_FUNCTION = YES;
				GCC_WARN_UNUSED_VARIABLE = YES;
				IPHONEOS_DEPLOYMENT_TARGET = 14.4;
				MTL_ENABLE_DEBUG_INFO = NO;
				MTL_FAST_MATH = YES;
				SDKROOT = iphoneos;
				SWIFT_COMPILATION_MODE = wholemodule;
				SWIFT_OPTIMIZATION_LEVEL = "-O";
				VALIDATE_PRODUCT = YES;
			};
			name = Release;
		};
		1CA6C5DA25E4F40F00AE033F /* Debug */ = {
			isa = XCBuildConfiguration;
			buildSettings = {
				ASSETCATALOG_COMPILER_APPICON_NAME = AppIcon;
				ASSETCATALOG_COMPILER_GLOBAL_ACCENT_COLOR_NAME = AccentColor;
				CODE_SIGN_STYLE = Automatic;
				DEVELOPMENT_TEAM = W4WNDLRPR9;
				INFOPLIST_FILE = "Wizard Old School Main Detail/Info.plist";
				LD_RUNPATH_SEARCH_PATHS = (
					"$(inherited)",
					"@executable_path/Frameworks",
				);
				PRODUCT_BUNDLE_IDENTIFIER = "io.runnals.Wizard-Old-School-Main-Detail";
				PRODUCT_NAME = "$(TARGET_NAME)";
				SWIFT_VERSION = 5.0;
				TARGETED_DEVICE_FAMILY = "1,2";
			};
			name = Debug;
		};
		1CA6C5DB25E4F40F00AE033F /* Release */ = {
			isa = XCBuildConfiguration;
			buildSettings = {
				ASSETCATALOG_COMPILER_APPICON_NAME = AppIcon;
				ASSETCATALOG_COMPILER_GLOBAL_ACCENT_COLOR_NAME = AccentColor;
				CODE_SIGN_STYLE = Automatic;
				DEVELOPMENT_TEAM = W4WNDLRPR9;
				INFOPLIST_FILE = "Wizard Old School Main Detail/Info.plist";
				LD_RUNPATH_SEARCH_PATHS = (
					"$(inherited)",
					"@executable_path/Frameworks",
				);
				PRODUCT_BUNDLE_IDENTIFIER = "io.runnals.Wizard-Old-School-Main-Detail";
				PRODUCT_NAME = "$(TARGET_NAME)";
				SWIFT_VERSION = 5.0;
				TARGETED_DEVICE_FAMILY = "1,2";
			};
			name = Release;
		};
		1CA6C5DD25E4F40F00AE033F /* Debug */ = {
			isa = XCBuildConfiguration;
			buildSettings = {
				ALWAYS_EMBED_SWIFT_STANDARD_LIBRARIES = YES;
				BUNDLE_LOADER = "$(TEST_HOST)";
				CODE_SIGN_STYLE = Automatic;
				DEVELOPMENT_TEAM = W4WNDLRPR9;
				INFOPLIST_FILE = "Wizard Old School Main DetailTests/Info.plist";
				IPHONEOS_DEPLOYMENT_TARGET = 14.4;
				LD_RUNPATH_SEARCH_PATHS = (
					"$(inherited)",
					"@executable_path/Frameworks",
					"@loader_path/Frameworks",
				);
				PRODUCT_BUNDLE_IDENTIFIER = "io.runnals.Wizard-Old-School-Main-DetailTests";
				PRODUCT_NAME = "$(TARGET_NAME)";
				SWIFT_VERSION = 5.0;
				TARGETED_DEVICE_FAMILY = "1,2";
				TEST_HOST = "$(BUILT_PRODUCTS_DIR)/Wizard Old School Main Detail.app/Wizard Old School Main Detail";
			};
			name = Debug;
		};
		1CA6C5DE25E4F40F00AE033F /* Release */ = {
			isa = XCBuildConfiguration;
			buildSettings = {
				ALWAYS_EMBED_SWIFT_STANDARD_LIBRARIES = YES;
				BUNDLE_LOADER = "$(TEST_HOST)";
				CODE_SIGN_STYLE = Automatic;
				DEVELOPMENT_TEAM = W4WNDLRPR9;
				INFOPLIST_FILE = "Wizard Old School Main DetailTests/Info.plist";
				IPHONEOS_DEPLOYMENT_TARGET = 14.4;
				LD_RUNPATH_SEARCH_PATHS = (
					"$(inherited)",
					"@executable_path/Frameworks",
					"@loader_path/Frameworks",
				);
				PRODUCT_BUNDLE_IDENTIFIER = "io.runnals.Wizard-Old-School-Main-DetailTests";
				PRODUCT_NAME = "$(TARGET_NAME)";
				SWIFT_VERSION = 5.0;
				TARGETED_DEVICE_FAMILY = "1,2";
				TEST_HOST = "$(BUILT_PRODUCTS_DIR)/Wizard Old School Main Detail.app/Wizard Old School Main Detail";
			};
			name = Release;
		};
		1CA6C5E025E4F40F00AE033F /* Debug */ = {
			isa = XCBuildConfiguration;
			buildSettings = {
				ALWAYS_EMBED_SWIFT_STANDARD_LIBRARIES = YES;
				CODE_SIGN_STYLE = Automatic;
				DEVELOPMENT_TEAM = W4WNDLRPR9;
				INFOPLIST_FILE = "Wizard Old School Main DetailUITests/Info.plist";
				LD_RUNPATH_SEARCH_PATHS = (
					"$(inherited)",
					"@executable_path/Frameworks",
					"@loader_path/Frameworks",
				);
				PRODUCT_BUNDLE_IDENTIFIER = "io.runnals.Wizard-Old-School-Main-DetailUITests";
				PRODUCT_NAME = "$(TARGET_NAME)";
				SWIFT_VERSION = 5.0;
				TARGETED_DEVICE_FAMILY = "1,2";
				TEST_TARGET_NAME = "Wizard Old School Main Detail";
			};
			name = Debug;
		};
		1CA6C5E125E4F40F00AE033F /* Release */ = {
			isa = XCBuildConfiguration;
			buildSettings = {
				ALWAYS_EMBED_SWIFT_STANDARD_LIBRARIES = YES;
				CODE_SIGN_STYLE = Automatic;
				DEVELOPMENT_TEAM = W4WNDLRPR9;
				INFOPLIST_FILE = "Wizard Old School Main DetailUITests/Info.plist";
				LD_RUNPATH_SEARCH_PATHS = (
					"$(inherited)",
					"@executable_path/Frameworks",
					"@loader_path/Frameworks",
				);
				PRODUCT_BUNDLE_IDENTIFIER = "io.runnals.Wizard-Old-School-Main-DetailUITests";
				PRODUCT_NAME = "$(TARGET_NAME)";
				SWIFT_VERSION = 5.0;
				TARGETED_DEVICE_FAMILY = "1,2";
				TEST_TARGET_NAME = "Wizard Old School Main Detail";
			};
			name = Release;
		};
/* End XCBuildConfiguration section */

/* Begin XCConfigurationList section */
		1CA6C5A825E4F40F00AE033F /* Build configuration list for PBXProject "Wizard Old School Main Detail" */ = {
			isa = XCConfigurationList;
			buildConfigurations = (
				1CA6C5D725E4F40F00AE033F /* Debug */,
				1CA6C5D825E4F40F00AE033F /* Release */,
			);
			defaultConfigurationIsVisible = 0;
			defaultConfigurationName = Release;
		};
		1CA6C5D925E4F40F00AE033F /* Build configuration list for PBXNativeTarget "Wizard Old School Main Detail" */ = {
			isa = XCConfigurationList;
			buildConfigurations = (
				1CA6C5DA25E4F40F00AE033F /* Debug */,
				1CA6C5DB25E4F40F00AE033F /* Release */,
			);
			defaultConfigurationIsVisible = 0;
			defaultConfigurationName = Release;
		};
		1CA6C5DC25E4F40F00AE033F /* Build configuration list for PBXNativeTarget "Wizard Old School Main DetailTests" */ = {
			isa = XCConfigurationList;
			buildConfigurations = (
				1CA6C5DD25E4F40F00AE033F /* Debug */,
				1CA6C5DE25E4F40F00AE033F /* Release */,
			);
			defaultConfigurationIsVisible = 0;
			defaultConfigurationName = Release;
		};
		1CA6C5DF25E4F40F00AE033F /* Build configuration list for PBXNativeTarget "Wizard Old School Main DetailUITests" */ = {
			isa = XCConfigurationList;
			buildConfigurations = (
				1CA6C5E025E4F40F00AE033F /* Debug */,
				1CA6C5E125E4F40F00AE033F /* Release */,
			);
			defaultConfigurationIsVisible = 0;
			defaultConfigurationName = Release;
		};
/* End XCConfigurationList section */
	};
	rootObject = 1CA6C5A525E4F40F00AE033F /* Project object */;
}
